
Microsoft Visual Studio Solution File, Format Version 12.00
# Visual Studio Version 17
VisualStudioVersion = 17.13.35931.197
MinimumVisualStudioVersion = 10.0.40219.1
Project("{FAE04EC0-301F-11D3-BF4B-00C04F79EFBC}") = "MyBudget.WebService", "MyBudget.WebService\MyBudget.WebService.csproj", "{8F7C7117-F567-4C12-8177-4AF7BA28AA63}"
EndProject
Project("{FAE04EC0-301F-11D3-BF4B-00C04F79EFBC}") = "MyBudget.Entity", "MyBudget.Entity\MyBudget.Entity.csproj", "{500B73CF-D2AE-47D2-BDB6-7E50844E3A68}"
EndProject
Global
	GlobalSection(SolutionConfigurationPlatforms) = preSolution
		Debug|Any CPU = Debug|Any CPU
		Release|Any CPU = Release|Any CPU
	EndGlobalSection
	GlobalSection(ProjectConfigurationPlatforms) = postSolution
		{8F7C7117-F567-4C12-8177-4AF7BA28AA63}.Debug|Any CPU.ActiveCfg = Debug|Any CPU
		{8F7C7117-F567-4C12-8177-4AF7BA28AA63}.Debug|Any CPU.Build.0 = Debug|Any CPU
		{8F7C7117-F567-4C12-8177-4AF7BA28AA63}.Release|Any CPU.ActiveCfg = Release|Any CPU
		{8F7C7117-F567-4C12-8177-4AF7BA28AA63}.Release|Any CPU.Build.0 = Release|Any CPU
		{500B73CF-D2AE-47D2-BDB6-7E50844E3A68}.Debug|Any CPU.ActiveCfg = Debug|Any CPU
		{500B73CF-D2AE-47D2-BDB6-7E50844E3A68}.Debug|Any CPU.Build.0 = Debug|Any CPU
		{500B73CF-D2AE-47D2-BDB6-7E50844E3A68}.Release|Any CPU.ActiveCfg = Release|Any CPU
		{500B73CF-D2AE-47D2-BDB6-7E50844E3A68}.Release|Any CPU.Build.0 = Release|Any CPU
	EndGlobalSection
	GlobalSection(SolutionProperties) = preSolution
		HideSolutionNode = FALSE
	EndGlobalSection
	GlobalSection(ExtensibilityGlobals) = postSolution
		SolutionGuid = {1FB5B40F-C020-42FB-B5CA-9805713F0DE7}
	EndGlobalSection
EndGlobal
